
Microsoft Visual Studio Solution File, Format Version 12.00
# Visual Studio Version 17
VisualStudioVersion = 17.0.31903.59
MinimumVisualStudioVersion = 10.0.40219.1
Project("{FAE04EC0-301F-11D3-BF4B-00C04F79EFBC}") = "ResourseWebApi.Contracts", "ResourseWebApi.Contracts\ResourseWebApi.Contracts.csproj", "{704987B1-9781-479D-9009-5BEDA348D51D}"
EndProject
Project("{FAE04EC0-301F-11D3-BF4B-00C04F79EFBC}") = "ResourseWebApi", "ResourseWebApi\ResourseWebApi.csproj", "{79BF8D85-977B-44E3-82FE-8887DD570FBA}"
EndProject
Global
	GlobalSection(SolutionConfigurationPlatforms) = preSolution
		Debug|Any CPU = Debug|Any CPU
		Release|Any CPU = Release|Any CPU
	EndGlobalSection
	GlobalSection(SolutionProperties) = preSolution
		HideSolutionNode = FALSE
	EndGlobalSection
	GlobalSection(ProjectConfigurationPlatforms) = postSolution
		{704987B1-9781-479D-9009-5BEDA348D51D}.Debug|Any CPU.ActiveCfg = Debug|Any CPU
		{704987B1-9781-479D-9009-5BEDA348D51D}.Debug|Any CPU.Build.0 = Debug|Any CPU
		{704987B1-9781-479D-9009-5BEDA348D51D}.Release|Any CPU.ActiveCfg = Release|Any CPU
		{704987B1-9781-479D-9009-5BEDA348D51D}.Release|Any CPU.Build.0 = Release|Any CPU
		{79BF8D85-977B-44E3-82FE-8887DD570FBA}.Debug|Any CPU.ActiveCfg = Debug|Any CPU
		{79BF8D85-977B-44E3-82FE-8887DD570FBA}.Debug|Any CPU.Build.0 = Debug|Any CPU
		{79BF8D85-977B-44E3-82FE-8887DD570FBA}.Release|Any CPU.ActiveCfg = Release|Any CPU
		{79BF8D85-977B-44E3-82FE-8887DD570FBA}.Release|Any CPU.Build.0 = Release|Any CPU
	EndGlobalSection
EndGlobal
